# THIS IS AN AUTOGENERATED FILE. DO NOT EDIT THIS FILE DIRECTLY.
# yarn lockfile v1


"@napi-rs/snappy-android-arm-eabi@7.2.2":
  version "7.2.2"
  resolved "https://registry.yarnpkg.com/@napi-rs/snappy-android-arm-eabi/-/snappy-android-arm-eabi-7.2.2.tgz#85fee3ba198dad4b444b5f12bceebcf72db0d65e"
  integrity sha512-H7DuVkPCK5BlAr1NfSU8bDEN7gYs+R78pSHhDng83QxRnCLmVIZk33ymmIwurmoA1HrdTxbkbuNl+lMvNqnytw==

"@napi-rs/snappy-android-arm64@7.2.2":
  version "7.2.2"
  resolved "https://registry.yarnpkg.com/@napi-rs/snappy-android-arm64/-/snappy-android-arm64-7.2.2.tgz#386219c790c729aa0ced7ac6e3ac846892c5dd6d"
  integrity sha512-2R/A3qok+nGtpVK8oUMcrIi5OMDckGYNoBLFyli3zp8w6IArPRfg1yOfVUcHvpUDTo9T7LOS1fXgMOoC796eQw==

"@napi-rs/snappy-darwin-arm64@7.2.2":
  version "7.2.2"
  resolved "https://registry.yarnpkg.com/@napi-rs/snappy-darwin-arm64/-/snappy-darwin-arm64-7.2.2.tgz#32bd351c695fbf60c899b365fff4f64bcd8b612c"
  integrity sha512-USgArHbfrmdbuq33bD5ssbkPIoT7YCXCRLmZpDS6dMDrx+iM7eD2BecNbOOo7/v1eu6TRmQ0xOzeQ6I/9FIi5g==

"@napi-rs/snappy-darwin-x64@7.2.2":
  version "7.2.2"
  resolved "https://registry.yarnpkg.com/@napi-rs/snappy-darwin-x64/-/snappy-darwin-x64-7.2.2.tgz#71a8fca67a1fccb6323b8520d8d90c6b5da7c577"
  integrity sha512-0APDu8iO5iT0IJKblk2lH0VpWSl9zOZndZKnBYIc+ei1npw2L5QvuErFOTeTdHBtzvUHASB+9bvgaWnQo4PvTQ==

"@napi-rs/snappy-freebsd-x64@7.2.2":
  version "7.2.2"
  resolved "https://registry.yarnpkg.com/@napi-rs/snappy-freebsd-x64/-/snappy-freebsd-x64-7.2.2.tgz#42102cbdaac39748520c9518c4fd9d3241d83a80"
  integrity sha512-mRTCJsuzy0o/B0Hnp9CwNB5V6cOJ4wedDTWEthsdKHSsQlO7WU9W1yP7H3Qv3Ccp/ZfMyrmG98Ad7u7lG58WXA==

"@napi-rs/snappy-linux-arm-gnueabihf@7.2.2":
  version "7.2.2"
  resolved "https://registry.yarnpkg.com/@napi-rs/snappy-linux-arm-gnueabihf/-/snappy-linux-arm-gnueabihf-7.2.2.tgz#7e26ff0d974153c8b87160e99f60259ee9e14f0d"
  integrity sha512-v1uzm8+6uYjasBPcFkv90VLZ+WhLzr/tnfkZ/iD9mHYiULqkqpRuC8zvc3FZaJy5wLQE9zTDkTJN1IvUcZ+Vcg==

"@napi-rs/snappy-linux-arm64-gnu@7.2.2":
  version "7.2.2"
  resolved "https://registry.yarnpkg.com/@napi-rs/snappy-linux-arm64-gnu/-/snappy-linux-arm64-gnu-7.2.2.tgz#992b2c4162da8d1da37ba2988700365975c21f3a"
  integrity sha512-LrEMa5pBScs4GXWOn6ZYXfQ72IzoolZw5txqUHVGs8eK4g1HR9HTHhb2oY5ySNaKakG5sOgMsb1rwaEnjhChmQ==

"@napi-rs/snappy-linux-arm64-musl@7.2.2":
  version "7.2.2"
  resolved "https://registry.yarnpkg.com/@napi-rs/snappy-linux-arm64-musl/-/snappy-linux-arm64-musl-7.2.2.tgz#808dbf14b8789a8be7ecebef7606311f4df694fd"
  integrity sha512-3orWZo9hUpGQcB+3aTLW7UFDqNCQfbr0+MvV67x8nMNYj5eAeUtMmUE/HxLznHO4eZ1qSqiTwLbVx05/Socdlw==

"@napi-rs/snappy-linux-x64-gnu@7.2.2":
  version "7.2.2"
  resolved "https://registry.yarnpkg.com/@napi-rs/snappy-linux-x64-gnu/-/snappy-linux-x64-gnu-7.2.2.tgz#681bfa25d8ed38a0bbec56827aa2762146c7e035"
  integrity sha512-jZt8Jit/HHDcavt80zxEkDpH+R1Ic0ssiVCoueASzMXa7vwPJeF4ZxZyqUw4qeSy7n8UUExomu8G8ZbP6VKhgw==

"@napi-rs/snappy-linux-x64-musl@7.2.2":
  version "7.2.2"
  resolved "https://registry.yarnpkg.com/@napi-rs/snappy-linux-x64-musl/-/snappy-linux-x64-musl-7.2.2.tgz#4607f33fd0ef95a11143deff0d465428abcaae5a"
  integrity sha512-Dh96IXgcZrV39a+Tej/owcd9vr5ihiZ3KRix11rr1v0MWtVb61+H1GXXlz6+Zcx9y8jM1NmOuiIuJwkV4vZ4WA==

"@napi-rs/snappy-win32-arm64-msvc@7.2.2":
  version "7.2.2"
  resolved "https://registry.yarnpkg.com/@napi-rs/snappy-win32-arm64-msvc/-/snappy-win32-arm64-msvc-7.2.2.tgz#88eb45cfdc66bb3c6b51f10903b29848f42a5c6d"
  integrity sha512-9No0b3xGbHSWv2wtLEn3MO76Yopn1U2TdemZpCaEgOGccz1V+a/1d16Piz3ofSmnA13HGFz3h9NwZH9EOaIgYA==

"@napi-rs/snappy-win32-ia32-msvc@7.2.2":
  version "7.2.2"
  resolved "https://registry.yarnpkg.com/@napi-rs/snappy-win32-ia32-msvc/-/snappy-win32-ia32-msvc-7.2.2.tgz#e336064445e3c764bc3464640584d191c0fcf6dc"
  integrity sha512-QiGe+0G86J74Qz1JcHtBwM3OYdTni1hX1PFyLRo3HhQUSpmi13Bzc1En7APn+6Pvo7gkrcy81dObGLDSxFAkQQ==

"@napi-rs/snappy-win32-x64-msvc@7.2.2":
  version "7.2.2"
  resolved "https://registry.yarnpkg.com/@napi-rs/snappy-win32-x64-msvc/-/snappy-win32-x64-msvc-7.2.2.tgz#4f598d3a5d50904d9f72433819f68b21eaec4f7d"
  integrity sha512-a43cyx1nK0daw6BZxVcvDEXxKMFLSBSDTAhsFD0VqSKcC7MGUBMaqyoWUcMiI7LBSz4bxUmxDWKfCYzpEmeb3w==

"@protobufjs/aspromise@^1.1.1", "@protobufjs/aspromise@^1.1.2":
  version "1.1.2"
  resolved "https://registry.yarnpkg.com/@protobufjs/aspromise/-/aspromise-1.1.2.tgz#9b8b0cc663d669a7d8f6f5d0893a14d348f30fbf"
  integrity sha512-j+gKExEuLmKwvz3OgROXtrJ2UG2x8Ch2YZUxahh+s1F2HZ+wAceUNLkvy6zKCPVRkU++ZWQrdxsUeQXmcg4uoQ==

"@protobufjs/base64@^1.1.2":
  version "1.1.2"
  resolved "https://registry.yarnpkg.com/@protobufjs/base64/-/base64-1.1.2.tgz#4c85730e59b9a1f1f349047dbf24296034bb2735"
  integrity sha512-AZkcAA5vnN/v4PDqKyMR5lx7hZttPDgClv83E//FMNhR2TMcLUhfRUBHCmSl0oi9zMgDDqRUJkSxO3wm85+XLg==

"@protobufjs/codegen@^2.0.4":
  version "2.0.4"
  resolved "https://registry.yarnpkg.com/@protobufjs/codegen/-/codegen-2.0.4.tgz#7ef37f0d010fb028ad1ad59722e506d9262815cb"
  integrity sha512-YyFaikqM5sH0ziFZCN3xDC7zeGaB/d0IUb9CATugHWbd1FRFwWwt4ld4OYMPWu5a3Xe01mGAULCdqhMlPl29Jg==

"@protobufjs/eventemitter@^1.1.0":
  version "1.1.0"
  resolved "https://registry.yarnpkg.com/@protobufjs/eventemitter/-/eventemitter-1.1.0.tgz#355cbc98bafad5978f9ed095f397621f1d066b70"
  integrity sha512-j9ednRT81vYJ9OfVuXG6ERSTdEL1xVsNgqpkxMsbIabzSo3goCjDIveeGv5d03om39ML71RdmrGNjG5SReBP/Q==

"@protobufjs/fetch@^1.1.0":
  version "1.1.0"
  resolved "https://registry.yarnpkg.com/@protobufjs/fetch/-/fetch-1.1.0.tgz#ba99fb598614af65700c1619ff06d454b0d84c45"
  integrity sha512-lljVXpqXebpsijW71PZaCYeIcE5on1w5DlQy5WH6GLbFryLUrBD4932W/E2BSpfRJWseIL4v/KPgBFxDOIdKpQ==
  dependencies:
    "@protobufjs/aspromise" "^1.1.1"
    "@protobufjs/inquire" "^1.1.0"

"@protobufjs/float@^1.0.2":
  version "1.0.2"
  resolved "https://registry.yarnpkg.com/@protobufjs/float/-/float-1.0.2.tgz#5e9e1abdcb73fc0a7cb8b291df78c8cbd97b87d1"
  integrity sha512-Ddb+kVXlXst9d+R9PfTIxh1EdNkgoRe5tOX6t01f1lYWOvJnSPDBlG241QLzcyPdoNTsblLUdujGSE4RzrTZGQ==

"@protobufjs/inquire@^1.1.0":
  version "1.1.0"
  resolved "https://registry.yarnpkg.com/@protobufjs/inquire/-/inquire-1.1.0.tgz#ff200e3e7cf2429e2dcafc1140828e8cc638f089"
  integrity sha512-kdSefcPdruJiFMVSbn801t4vFK7KB/5gd2fYvrxhuJYg8ILrmn9SKSX2tZdV6V+ksulWqS7aXjBcRXl3wHoD9Q==

"@protobufjs/path@^1.1.2":
  version "1.1.2"
  resolved "https://registry.yarnpkg.com/@protobufjs/path/-/path-1.1.2.tgz#6cc2b20c5c9ad6ad0dccfd21ca7673d8d7fbf68d"
  integrity sha512-6JOcJ5Tm08dOHAbdR3GrvP+yUUfkjG5ePsHYczMFLq3ZmMkAD98cDgcT2iA1lJ9NVwFd4tH/iSSoe44YWkltEA==

"@protobufjs/pool@^1.1.0":
  version "1.1.0"
  resolved "https://registry.yarnpkg.com/@protobufjs/pool/-/pool-1.1.0.tgz#09fd15f2d6d3abfa9b65bc366506d6ad7846ff54"
  integrity sha512-0kELaGSIDBKvcgS4zkjz1PeddatrjYcmMWOlAuAPwAeccUrPHdUqo/J6LiymHHEiJT5NrF1UVwxY14f+fy4WQw==

"@protobufjs/utf8@^1.1.0":
  version "1.1.0"
  resolved "https://registry.yarnpkg.com/@protobufjs/utf8/-/utf8-1.1.0.tgz#a777360b5b39a1a2e5106f8e858f2fd2d060c570"
  integrity sha512-Vvn3zZrhQZkkBE8LSuW3em98c0FwgO4nxzv6OdSxPKJIEKY2bGbHn+mhGIPerzI4twdxaP8/0+06HBpwf345Lw==

"@types/node@>=13.7.0":
  version "22.7.5"
  resolved "https://registry.yarnpkg.com/@types/node/-/node-22.7.5.tgz#cfde981727a7ab3611a481510b473ae54442b92b"
  integrity sha512-jML7s2NAzMWc//QSJ1a3prpk78cOPchGvXJsC3C6R6PSMoooztvRVQEz89gmBTBY1SPMaqo5teB4uNHPdetShQ==
  dependencies:
    undici-types "~6.19.2"

date-format@^4.0.14:
  version "4.0.14"
  resolved "https://registry.yarnpkg.com/date-format/-/date-format-4.0.14.tgz#7a8e584434fb169a521c8b7aa481f355810d9400"
  integrity sha512-39BOQLs9ZjKh0/patS9nrT8wc3ioX3/eA/zgbKNopnF2wCqJEoxywwwElATYvRsXdnOxA/OQeQoFZ3rFjVajhg==

debug@^4.3.4:
  version "4.3.7"
  resolved "https://registry.yarnpkg.com/debug/-/debug-4.3.7.tgz#87945b4151a011d76d95a198d7111c865c360a52"
  integrity sha512-Er2nc/H7RrMXZBFCEim6TCmMk02Z8vLC2Rbi1KEBggpo0fS6l0S1nnapwmIi3yW/+GOJap1Krg4w0Hg80oCqgQ==
  dependencies:
    ms "^2.1.3"

flatted@^3.2.7:
  version "3.3.1"
  resolved "https://registry.yarnpkg.com/flatted/-/flatted-3.3.1.tgz#21db470729a6734d4997002f439cb308987f567a"
  integrity sha512-X8cqMLLie7KsNUDSdzeN8FYK9rEt4Dt67OsG/DNGnYTSDBG4uFAJFBnUeiV+zCVAvwFy56IjM9sH51jVaEhNxw==

fs-extra@^8.1.0:
  version "8.1.0"
  resolved "https://registry.yarnpkg.com/fs-extra/-/fs-extra-8.1.0.tgz#49d43c45a88cd9677668cb7be1b46efdb8d2e1c0"
  integrity sha512-yhlQgA6mnOJUKOsRUFsgJdQCvkKhcz8tlZG5HBQfReYZy46OwLcY+Zia0mtdHsOo9y/hP+CxMN0TU9QxoOtG4g==
  dependencies:
    graceful-fs "^4.2.0"
    jsonfile "^4.0.0"
    universalify "^0.1.0"

graceful-fs@^4.1.6, graceful-fs@^4.2.0:
  version "4.2.11"
  resolved "https://registry.yarnpkg.com/graceful-fs/-/graceful-fs-4.2.11.tgz#4183e4e8bf08bb6e05bbb2f7d2e0c8f712ca40e3"
  integrity sha512-RbJ5/jmFcNNCcDV5o9eTnBLJ/HszWV0P73bc+Ff4nS/rJj+YaS6IGyiOL0VoBYX+l1Wrl3k63h/KrH+nhJ0XvQ==

jsonfile@^4.0.0:
  version "4.0.0"
  resolved "https://registry.yarnpkg.com/jsonfile/-/jsonfile-4.0.0.tgz#8771aae0799b64076b76640fca058f9c10e33ecb"
  integrity sha512-m6F1R3z8jjlf2imQHS2Qez5sjKWQzbuuhuJ/FKYFRZvPE3PuHcSMVZzfsLhGVOkfd20obL5SWEBew5ShlquNxg==
  optionalDependencies:
    graceful-fs "^4.1.6"

log4js@^6.9.1:
  version "6.9.1"
  resolved "https://registry.yarnpkg.com/log4js/-/log4js-6.9.1.tgz#aba5a3ff4e7872ae34f8b4c533706753709e38b6"
  integrity sha512-1somDdy9sChrr9/f4UlzhdaGfDR2c/SaD2a4T7qEkG4jTS57/B3qmnjLYePwQ8cqWnUHZI0iAKxMBpCZICiZ2g==
  dependencies:
    date-format "^4.0.14"
    debug "^4.3.4"
    flatted "^3.2.7"
    rfdc "^1.3.0"
    streamroller "^3.1.5"

long@^5.0.0:
  version "5.2.3"
  resolved "https://registry.yarnpkg.com/long/-/long-5.2.3.tgz#a3ba97f3877cf1d778eccbcb048525ebb77499e1"
  integrity sha512-lcHwpNoggQTObv5apGNCTdJrO69eHOZMi4BNC+rTLER8iHAqGrUVeLh/irVIM7zTw2bOXA8T6uNPeujwOLg/2Q==

ms@^2.1.3:
  version "2.1.3"
  resolved "https://registry.yarnpkg.com/ms/-/ms-2.1.3.tgz#574c8138ce1d2b5861f0b44579dbadd60c6615b2"
  integrity sha512-6FlzubTLZG3J2a/NVCAleEhjzq5oxgHyaCU9yYXvcLsvoVaHJq/s5xXI6/XXP6tz7R9xAOtHnSO/tXtF3WRTlA==

protobufjs@^7.4.0:
  version "7.4.0"
  resolved "https://registry.yarnpkg.com/protobufjs/-/protobufjs-7.4.0.tgz#7efe324ce9b3b61c82aae5de810d287bc08a248a"
  integrity sha512-mRUWCc3KUU4w1jU8sGxICXH/gNS94DvI1gxqDvBzhj1JpcsimQkYiOJfwsPUykUI5ZaspFbSgmBLER8IrQ3tqw==
  dependencies:
    "@protobufjs/aspromise" "^1.1.2"
    "@protobufjs/base64" "^1.1.2"
    "@protobufjs/codegen" "^2.0.4"
    "@protobufjs/eventemitter" "^1.1.0"
    "@protobufjs/fetch" "^1.1.0"
    "@protobufjs/float" "^1.0.2"
    "@protobufjs/inquire" "^1.1.0"
    "@protobufjs/path" "^1.1.2"
    "@protobufjs/pool" "^1.1.0"
    "@protobufjs/utf8" "^1.1.0"
    "@types/node" ">=13.7.0"
    long "^5.0.0"

rfdc@^1.3.0:
  version "1.4.1"
  resolved "https://registry.yarnpkg.com/rfdc/-/rfdc-1.4.1.tgz#778f76c4fb731d93414e8f925fbecf64cce7f6ca"
  integrity sha512-q1b3N5QkRUWUl7iyylaaj3kOpIT0N2i9MqIEQXP73GVsN9cw3fdx8X63cEmWhJGi2PPCF23Ijp7ktmd39rawIA==

snappy@^7.2.2:
  version "7.2.2"
  resolved "https://registry.yarnpkg.com/snappy/-/snappy-7.2.2.tgz#dbd9217ae06b651c073856036618c2dc8992ef17"
  integrity sha512-iADMq1kY0v3vJmGTuKcFWSXt15qYUz7wFkArOrsSg0IFfI3nJqIJvK2/ZbEIndg7erIJLtAVX2nSOqPz7DcwbA==
  optionalDependencies:
    "@napi-rs/snappy-android-arm-eabi" "7.2.2"
    "@napi-rs/snappy-android-arm64" "7.2.2"
    "@napi-rs/snappy-darwin-arm64" "7.2.2"
    "@napi-rs/snappy-darwin-x64" "7.2.2"
    "@napi-rs/snappy-freebsd-x64" "7.2.2"
    "@napi-rs/snappy-linux-arm-gnueabihf" "7.2.2"
    "@napi-rs/snappy-linux-arm64-gnu" "7.2.2"
    "@napi-rs/snappy-linux-arm64-musl" "7.2.2"
    "@napi-rs/snappy-linux-x64-gnu" "7.2.2"
    "@napi-rs/snappy-linux-x64-musl" "7.2.2"
    "@napi-rs/snappy-win32-arm64-msvc" "7.2.2"
    "@napi-rs/snappy-win32-ia32-msvc" "7.2.2"
    "@napi-rs/snappy-win32-x64-msvc" "7.2.2"

streamroller@^3.1.5:
  version "3.1.5"
  resolved "https://registry.yarnpkg.com/streamroller/-/streamroller-3.1.5.tgz#1263182329a45def1ffaef58d31b15d13d2ee7ff"
  integrity sha512-KFxaM7XT+irxvdqSP1LGLgNWbYN7ay5owZ3r/8t77p+EtSUAfUgtl7be3xtqtOmGUl9K9YPO2ca8133RlTjvKw==
  dependencies:
    date-format "^4.0.14"
    debug "^4.3.4"
    fs-extra "^8.1.0"

undici-types@~6.19.2:
  version "6.19.8"
  resolved "https://registry.yarnpkg.com/undici-types/-/undici-types-6.19.8.tgz#35111c9d1437ab83a7cdc0abae2f26d88eda0a02"
  integrity sha512-ve2KP6f/JnbPBFyobGHuerC9g1FYGn/F8n1LWTwNxCEzd6IfqTwUQcNXgEtmmQ6DlRrC1hrSrBnCZPokRrDHjw==

universalify@^0.1.0:
  version "0.1.2"
  resolved "https://registry.yarnpkg.com/universalify/-/universalify-0.1.2.tgz#b646f69be3942dabcecc9d6639c80dc105efaa66"
  integrity sha512-rBJeI5CXAlmy1pV+617WB9J63U6XcazHHF2f2dbJix4XzpUF0RS3Zbj0FGIOCAva5P/d/GBOYaACQ1w+0azUkg==
